// !$*UTF8*$!
{
	archiveVersion = 1;
	classes = {
	};
	objectVersion = 56;
	objects = {

/* Begin PBXBuildFile section */
		40D5B52E2A9954B500B192D0 /* UberrApp.swift in Sources */ = {isa = PBXBuildFile; fileRef = 40D5B52D2A9954B500B192D0 /* UberrApp.swift */; };
		40D5B5302A9954B500B192D0 /* ContentView.swift in Sources */ = {isa = PBXBuildFile; fileRef = 40D5B52F2A9954B500B192D0 /* ContentView.swift */; };
		40D5B5322A9954B800B192D0 /* Assets.xcassets in Resources */ = {isa = PBXBuildFile; fileRef = 40D5B5312A9954B800B192D0 /* Assets.xcassets */; };
		40D5B5362A9954B800B192D0 /* Preview Assets.xcassets in Resources */ = {isa = PBXBuildFile; fileRef = 40D5B5352A9954B800B192D0 /* Preview Assets.xcassets */; };
		40D5B5402A9954B900B192D0 /* UberrTests.swift in Sources */ = {isa = PBXBuildFile; fileRef = 40D5B53F2A9954B900B192D0 /* UberrTests.swift */; };
		40D5B54A2A9954B900B192D0 /* UberrUITests.swift in Sources */ = {isa = PBXBuildFile; fileRef = 40D5B5492A9954B900B192D0 /* UberrUITests.swift */; };
		40D5B54C2A9954B900B192D0 /* UberrUITestsLaunchTests.swift in Sources */ = {isa = PBXBuildFile; fileRef = 40D5B54B2A9954B900B192D0 /* UberrUITestsLaunchTests.swift */; };
/* End PBXBuildFile section */

/* Begin PBXContainerItemProxy section */
		40D5B53C2A9954B900B192D0 /* PBXContainerItemProxy */ = {
			isa = PBXContainerItemProxy;
			containerPortal = 40D5B5222A9954B500B192D0 /* Project object */;
			proxyType = 1;
			remoteGlobalIDString = 40D5B5292A9954B500B192D0;
			remoteInfo = Uberr;
		};
		40D5B5462A9954B900B192D0 /* PBXContainerItemProxy */ = {
			isa = PBXContainerItemProxy;
			containerPortal = 40D5B5222A9954B500B192D0 /* Project object */;
			proxyType = 1;
			remoteGlobalIDString = 40D5B5292A9954B500B192D0;
			remoteInfo = Uberr;
		};
/* End PBXContainerItemProxy section */

/* Begin PBXFileReference section */
		40D5B52A2A9954B500B192D0 /* Uberr.app */ = {isa = PBXFileReference; explicitFileType = wrapper.application; includeInIndex = 0; path = Uberr.app; sourceTree = BUILT_PRODUCTS_DIR; };
		40D5B52D2A9954B500B192D0 /* UberrApp.swift */ = {isa = PBXFileReference; lastKnownFileType = sourcecode.swift; path = UberrApp.swift; sourceTree = "<group>"; };
		40D5B52F2A9954B500B192D0 /* ContentView.swift */ = {isa = PBXFileReference; lastKnownFileType = sourcecode.swift; path = ContentView.swift; sourceTree = "<group>"; };
		40D5B5312A9954B800B192D0 /* Assets.xcassets */ = {isa = PBXFileReference; lastKnownFileType = folder.assetcatalog; path = Assets.xcassets; sourceTree = "<group>"; };
		40D5B5332A9954B800B192D0 /* Uberr.entitlements */ = {isa = PBXFileReference; lastKnownFileType = text.plist.entitlements; path = Uberr.entitlements; sourceTree = "<group>"; };
		40D5B5352A9954B800B192D0 /* Preview Assets.xcassets */ = {isa = PBXFileReference; lastKnownFileType = folder.assetcatalog; path = "Preview Assets.xcassets"; sourceTree = "<group>"; };
		40D5B53B2A9954B900B192D0 /* UberrTests.xctest */ = {isa = PBXFileReference; explicitFileType = wrapper.cfbundle; includeInIndex = 0; path = UberrTests.xctest; sourceTree = BUILT_PRODUCTS_DIR; };
		40D5B53F2A9954B900B192D0 /* UberrTests.swift */ = {isa = PBXFileReference; lastKnownFileType = sourcecode.swift; path = UberrTests.swift; sourceTree = "<group>"; };
		40D5B5452A9954B900B192D0 /* UberrUITests.xctest */ = {isa = PBXFileReference; explicitFileType = wrapper.cfbundle; includeInIndex = 0; path = UberrUITests.xctest; sourceTree = BUILT_PRODUCTS_DIR; };
		40D5B5492A9954B900B192D0 /* UberrUITests.swift */ = {isa = PBXFileReference; lastKnownFileType = sourcecode.swift; path = UberrUITests.swift; sourceTree = "<group>"; };
		40D5B54B2A9954B900B192D0 /* UberrUITestsLaunchTests.swift */ = {isa = PBXFileReference; lastKnownFileType = sourcecode.swift; path = UberrUITestsLaunchTests.swift; sourceTree = "<group>"; };
/* End PBXFileReference section */

/* Begin PBXFrameworksBuildPhase section */
		40D5B5272A9954B500B192D0 /* Frameworks */ = {
			isa = PBXFrameworksBuildPhase;
			buildActionMask = 2147483647;
			files = (
			);
			runOnlyForDeploymentPostprocessing = 0;
		};
		40D5B5382A9954B900B192D0 /* Frameworks */ = {
			isa = PBXFrameworksBuildPhase;
			buildActionMask = 2147483647;
			files = (
			);
			runOnlyForDeploymentPostprocessing = 0;
		};
		40D5B5422A9954B900B192D0 /* Frameworks */ = {
			isa = PBXFrameworksBuildPhase;
			buildActionMask = 2147483647;
			files = (
			);
			runOnlyForDeploymentPostprocessing = 0;
		};
/* End PBXFrameworksBuildPhase section */

/* Begin PBXGroup section */
		40D5B5212A9954B500B192D0 = {
			isa = PBXGroup;
			children = (
				40D5B52C2A9954B500B192D0 /* Uberr */,
				40D5B53E2A9954B900B192D0 /* UberrTests */,
				40D5B5482A9954B900B192D0 /* UberrUITests */,
				40D5B52B2A9954B500B192D0 /* Products */,
			);
			sourceTree = "<group>";
		};
		40D5B52B2A9954B500B192D0 /* Products */ = {
			isa = PBXGroup;
			children = (
				40D5B52A2A9954B500B192D0 /* Uberr.app */,
				40D5B53B2A9954B900B192D0 /* UberrTests.xctest */,
				40D5B5452A9954B900B192D0 /* UberrUITests.xctest */,
			);
			name = Products;
			sourceTree = "<group>";
		};
		40D5B52C2A9954B500B192D0 /* Uberr */ = {
			isa = PBXGroup;
			children = (
				40D5B52D2A9954B500B192D0 /* UberrApp.swift */,
				40D5B52F2A9954B500B192D0 /* ContentView.swift */,
				40D5B5312A9954B800B192D0 /* Assets.xcassets */,
				40D5B5332A9954B800B192D0 /* Uberr.entitlements */,
				40D5B5342A9954B800B192D0 /* Preview Content */,
			);
			path = Uberr;
			sourceTree = "<group>";
		};
		40D5B5342A9954B800B192D0 /* Preview Content */ = {
			isa = PBXGroup;
			children = (
				40D5B5352A9954B800B192D0 /* Preview Assets.xcassets */,
			);
			path = "Preview Content";
			sourceTree = "<group>";
		};
		40D5B53E2A9954B900B192D0 /* UberrTests */ = {
			isa = PBXGroup;
			children = (
				40D5B53F2A9954B900B192D0 /* UberrTests.swift */,
			);
			path = UberrTests;
			sourceTree = "<group>";
		};
		40D5B5482A9954B900B192D0 /* UberrUITests */ = {
			isa = PBXGroup;
			children = (
				40D5B5492A9954B900B192D0 /* UberrUITests.swift */,
				40D5B54B2A9954B900B192D0 /* UberrUITestsLaunchTests.swift */,
			);
			path = UberrUITests;
			sourceTree = "<group>";
		};
/* End PBXGroup section */

/* Begin PBXNativeTarget section */
		40D5B5292A9954B500B192D0 /* Uberr */ = {
			isa = PBXNativeTarget;
			buildConfigurationList = 40D5B54F2A9954B900B192D0 /* Build configuration list for PBXNativeTarget "Uberr" */;
			buildPhases = (
				40D5B5262A9954B500B192D0 /* Sources */,
				40D5B5272A9954B500B192D0 /* Frameworks */,
				40D5B5282A9954B500B192D0 /* Resources */,
			);
			buildRules = (
			);
			dependencies = (
			);
			name = Uberr;
			productName = Uberr;
			productReference = 40D5B52A2A9954B500B192D0 /* Uberr.app */;
			productType = "com.apple.product-type.application";
		};
		40D5B53A2A9954B900B192D0 /* UberrTests */ = {
			isa = PBXNativeTarget;
			buildConfigurationList = 40D5B5522A9954B900B192D0 /* Build configuration list for PBXNativeTarget "UberrTests" */;
			buildPhases = (
				40D5B5372A9954B900B192D0 /* Sources */,
				40D5B5382A9954B900B192D0 /* Frameworks */,
				40D5B5392A9954B900B192D0 /* Resources */,
			);
			buildRules = (
			);
			dependencies = (
				40D5B53D2A9954B900B192D0 /* PBXTargetDependency */,
			);
			name = UberrTests;
			productName = UberrTests;
			productReference = 40D5B53B2A9954B900B192D0 /* UberrTests.xctest */;
			productType = "com.apple.product-type.bundle.unit-test";
		};
		40D5B5442A9954B900B192D0 /* UberrUITests */ = {
			isa = PBXNativeTarget;
			buildConfigurationList = 40D5B5552A9954B900B192D0 /* Build configuration list for PBXNativeTarget "UberrUITests" */;
			buildPhases = (
				40D5B5412A9954B900B192D0 /* Sources */,
				40D5B5422A9954B900B192D0 /* Frameworks */,
				40D5B5432A9954B900B192D0 /* Resources */,
			);
			buildRules = (
			);
			dependencies = (
				40D5B5472A9954B900B192D0 /* PBXTargetDependency */,
			);
			name = UberrUITests;
			productName = UberrUITests;
			productReference = 40D5B5452A9954B900B192D0 /* UberrUITests.xctest */;
			productType = "com.apple.product-type.bundle.ui-testing";
		};
/* End PBXNativeTarget section */

/* Begin PBXProject section */
		40D5B5222A9954B500B192D0 /* Project object */ = {
			isa = PBXProject;
			attributes = {
				BuildIndependentTargetsInParallel = 1;
				LastSwiftUpdateCheck = 1430;
				LastUpgradeCheck = 1430;
				TargetAttributes = {
					40D5B5292A9954B500B192D0 = {
						CreatedOnToolsVersion = 14.3;
					};
					40D5B53A2A9954B900B192D0 = {
						CreatedOnToolsVersion = 14.3;
						TestTargetID = 40D5B5292A9954B500B192D0;
					};
					40D5B5442A9954B900B192D0 = {
						CreatedOnToolsVersion = 14.3;
						TestTargetID = 40D5B5292A9954B500B192D0;
					};
				};
			};
			buildConfigurationList = 40D5B5252A9954B500B192D0 /* Build configuration list for PBXProject "Uberr" */;
			compatibilityVersion = "Xcode 14.0";
			developmentRegion = en;
			hasScannedForEncodings = 0;
			knownRegions = (
				en,
				Base,
			);
			mainGroup = 40D5B5212A9954B500B192D0;
			productRefGroup = 40D5B52B2A9954B500B192D0 /* Products */;
			projectDirPath = "";
			projectRoot = "";
			targets = (
				40D5B5292A9954B500B192D0 /* Uberr */,
				40D5B53A2A9954B900B192D0 /* UberrTests */,
				40D5B5442A9954B900B192D0 /* UberrUITests */,
			);
		};
/* End PBXProject section */

/* Begin PBXResourcesBuildPhase section */
		40D5B5282A9954B500B192D0 /* Resources */ = {
			isa = PBXResourcesBuildPhase;
			buildActionMask = 2147483647;
			files = (
				40D5B5362A9954B800B192D0 /* Preview Assets.xcassets in Resources */,
				40D5B5322A9954B800B192D0 /* Assets.xcassets in Resources */,
			);
			runOnlyForDeploymentPostprocessing = 0;
		};
		40D5B5392A9954B900B192D0 /* Resources */ = {
			isa = PBXResourcesBuildPhase;
			buildActionMask = 2147483647;
			files = (
			);
			runOnlyForDeploymentPostprocessing = 0;
		};
		40D5B5432A9954B900B192D0 /* Resources */ = {
			isa = PBXResourcesBuildPhase;
			buildActionMask = 2147483647;
			files = (
			);
			runOnlyForDeploymentPostprocessing = 0;
		};
/* End PBXResourcesBuildPhase section */

/* Begin PBXSourcesBuildPhase section */
		40D5B5262A9954B500B192D0 /* Sources */ = {
			isa = PBXSourcesBuildPhase;
			buildActionMask = 2147483647;
			files = (
				40D5B5302A9954B500B192D0 /* ContentView.swift in Sources */,
				40D5B52E2A9954B500B192D0 /* UberrApp.swift in Sources */,
			);
			runOnlyForDeploymentPostprocessing = 0;
		};
		40D5B5372A9954B900B192D0 /* Sources */ = {
			isa = PBXSourcesBuildPhase;
			buildActionMask = 2147483647;
			files = (
				40D5B5402A9954B900B192D0 /* UberrTests.swift in Sources */,
			);
			runOnlyForDeploymentPostprocessing = 0;
		};
		40D5B5412A9954B900B192D0 /* Sources */ = {
			isa = PBXSourcesBuildPhase;
			buildActionMask = 2147483647;
			files = (
				40D5B54A2A9954B900B192D0 /* UberrUITests.swift in Sources */,
				40D5B54C2A9954B900B192D0 /* UberrUITestsLaunchTests.swift in Sources */,
			);
			runOnlyForDeploymentPostprocessing = 0;
		};
/* End PBXSourcesBuildPhase section */

/* Begin PBXTargetDependency section */
		40D5B53D2A9954B900B192D0 /* PBXTargetDependency */ = {
			isa = PBXTargetDependency;
			target = 40D5B5292A9954B500B192D0 /* Uberr */;
			targetProxy = 40D5B53C2A9954B900B192D0 /* PBXContainerItemProxy */;
		};
		40D5B5472A9954B900B192D0 /* PBXTargetDependency */ = {
			isa = PBXTargetDependency;
			target = 40D5B5292A9954B500B192D0 /* Uberr */;
			targetProxy = 40D5B5462A9954B900B192D0 /* PBXContainerItemProxy */;
		};
/* End PBXTargetDependency section */

/* Begin XCBuildConfiguration section */
		40D5B54D2A9954B900B192D0 /* Debug */ = {
			isa = XCBuildConfiguration;
			buildSettings = {
				ALWAYS_SEARCH_USER_PATHS = NO;
				CLANG_ANALYZER_NONNULL = YES;
				CLANG_ANALYZER_NUMBER_OBJECT_CONVERSION = YES_AGGRESSIVE;
				CLANG_CXX_LANGUAGE_STANDARD = "gnu++20";
				CLANG_ENABLE_MODULES = YES;
				CLANG_ENABLE_OBJC_ARC = YES;
				CLANG_ENABLE_OBJC_WEAK = YES;
				CLANG_WARN_BLOCK_CAPTURE_AUTORELEASING = YES;
				CLANG_WARN_BOOL_CONVERSION = YES;
				CLANG_WARN_COMMA = YES;
				CLANG_WARN_CONSTANT_CONVERSION = YES;
				CLANG_WARN_DEPRECATED_OBJC_IMPLEMENTATIONS = YES;
				CLANG_WARN_DIRECT_OBJC_ISA_USAGE = YES_ERROR;
				CLANG_WARN_DOCUMENTATION_COMMENTS = YES;
				CLANG_WARN_EMPTY_BODY = YES;
				CLANG_WARN_ENUM_CONVERSION = YES;
				CLANG_WARN_INFINITE_RECURSION = YES;
				CLANG_WARN_INT_CONVERSION = YES;
				CLANG_WARN_NON_LITERAL_NULL_CONVERSION = YES;
				CLANG_WARN_OBJC_IMPLICIT_RETAIN_SELF = YES;
				CLANG_WARN_OBJC_LITERAL_CONVERSION = YES;
				CLANG_WARN_OBJC_ROOT_CLASS = YES_ERROR;
				CLANG_WARN_QUOTED_INCLUDE_IN_FRAMEWORK_HEADER = YES;
				CLANG_WARN_RANGE_LOOP_ANALYSIS = YES;
				CLANG_WARN_STRICT_PROTOTYPES = YES;
				CLANG_WARN_SUSPICIOUS_MOVE = YES;
				CLANG_WARN_UNGUARDED_AVAILABILITY = YES_AGGRESSIVE;
				CLANG_WARN_UNREACHABLE_CODE = YES;
				CLANG_WARN__DUPLICATE_METHOD_MATCH = YES;
				COPY_PHASE_STRIP = NO;
				DEBUG_INFORMATION_FORMAT = dwarf;
				ENABLE_STRICT_OBJC_MSGSEND = YES;
				ENABLE_TESTABILITY = YES;
				GCC_C_LANGUAGE_STANDARD = gnu11;
				GCC_DYNAMIC_NO_PIC = NO;
				GCC_NO_COMMON_BLOCKS = YES;
				GCC_OPTIMIZATION_LEVEL = 0;
				GCC_PREPROCESSOR_DEFINITIONS = (
					"DEBUG=1",
					"$(inherited)",
				);
				GCC_WARN_64_TO_32_BIT_CONVERSION = YES;
				GCC_WARN_ABOUT_RETURN_TYPE = YES_ERROR;
				GCC_WARN_UNDECLARED_SELECTOR = YES;
				GCC_WARN_UNINITIALIZED_AUTOS = YES_AGGRESSIVE;
				GCC_WARN_UNUSED_FUNCTION = YES;
				GCC_WARN_UNUSED_VARIABLE = YES;
				MTL_ENABLE_DEBUG_INFO = INCLUDE_SOURCE;
				MTL_FAST_MATH = YES;
				ONLY_ACTIVE_ARCH = YES;
				SWIFT_ACTIVE_COMPILATION_CONDITIONS = DEBUG;
				SWIFT_OPTIMIZATION_LEVEL = "-Onone";
			};
			name = Debug;
		};
		40D5B54E2A9954B900B192D0 /* Release */ = {
			isa = XCBuildConfiguration;
			buildSettings = {
				ALWAYS_SEARCH_USER_PATHS = NO;
				CLANG_ANALYZER_NONNULL = YES;
				CLANG_ANALYZER_NUMBER_OBJECT_CONVERSION = YES_AGGRESSIVE;
				CLANG_CXX_LANGUAGE_STANDARD = "gnu++20";
				CLANG_ENABLE_MODULES = YES;
				CLANG_ENABLE_OBJC_ARC = YES;
				CLANG_ENABLE_OBJC_WEAK = YES;
				CLANG_WARN_BLOCK_CAPTURE_AUTORELEASING = YES;
				CLANG_WARN_BOOL_CONVERSION = YES;
				CLANG_WARN_COMMA = YES;
				CLANG_WARN_CONSTANT_CONVERSION = YES;
				CLANG_WARN_DEPRECATED_OBJC_IMPLEMENTATIONS = YES;
				CLANG_WARN_DIRECT_OBJC_ISA_USAGE = YES_ERROR;
				CLANG_WARN_DOCUMENTATION_COMMENTS = YES;
				CLANG_WARN_EMPTY_BODY = YES;
				CLANG_WARN_ENUM_CONVERSION = YES;
				CLANG_WARN_INFINITE_RECURSION = YES;
				CLANG_WARN_INT_CONVERSION = YES;
				CLANG_WARN_NON_LITERAL_NULL_CONVERSION = YES;
				CLANG_WARN_OBJC_IMPLICIT_RETAIN_SELF = YES;
				CLANG_WARN_OBJC_LITERAL_CONVERSION = YES;
				CLANG_WARN_OBJC_ROOT_CLASS = YES_ERROR;
				CLANG_WARN_QUOTED_INCLUDE_IN_FRAMEWORK_HEADER = YES;
				CLANG_WARN_RANGE_LOOP_ANALYSIS = YES;
				CLANG_WARN_STRICT_PROTOTYPES = YES;
				CLANG_WARN_SUSPICIOUS_MOVE = YES;
				CLANG_WARN_UNGUARDED_AVAILABILITY = YES_AGGRESSIVE;
				CLANG_WARN_UNREACHABLE_CODE = YES;
				CLANG_WARN__DUPLICATE_METHOD_MATCH = YES;
				COPY_PHASE_STRIP = NO;
				DEBUG_INFORMATION_FORMAT = "dwarf-with-dsym";
				ENABLE_NS_ASSERTIONS = NO;
				ENABLE_STRICT_OBJC_MSGSEND = YES;
				GCC_C_LANGUAGE_STANDARD = gnu11;
				GCC_NO_COMMON_BLOCKS = YES;
				GCC_WARN_64_TO_32_BIT_CONVERSION = YES;
				GCC_WARN_ABOUT_RETURN_TYPE = YES_ERROR;
				GCC_WARN_UNDECLARED_SELECTOR = YES;
				GCC_WARN_UNINITIALIZED_AUTOS = YES_AGGRESSIVE;
				GCC_WARN_UNUSED_FUNCTION = YES;
				GCC_WARN_UNUSED_VARIABLE = YES;
				MTL_ENABLE_DEBUG_INFO = NO;
				MTL_FAST_MATH = YES;
				SWIFT_COMPILATION_MODE = wholemodule;
				SWIFT_OPTIMIZATION_LEVEL = "-O";
			};
			name = Release;
		};
		40D5B5502A9954B900B192D0 /* Debug */ = {
			isa = XCBuildConfiguration;
			buildSettings = {
				ASSETCATALOG_COMPILER_APPICON_NAME = AppIcon;
				ASSETCATALOG_COMPILER_GLOBAL_ACCENT_COLOR_NAME = AccentColor;
				CODE_SIGN_ENTITLEMENTS = Uberr/Uberr.entitlements;
				CODE_SIGN_STYLE = Automatic;
				CURRENT_PROJECT_VERSION = 1;
				DEVELOPMENT_ASSET_PATHS = "\"Uberr/Preview Content\"";
				DEVELOPMENT_TEAM = 2HV58TSRB7;
				ENABLE_HARDENED_RUNTIME = YES;
				ENABLE_PREVIEWS = YES;
				GENERATE_INFOPLIST_FILE = YES;
				"INFOPLIST_KEY_UIApplicationSceneManifest_Generation[sdk=iphoneos*]" = YES;
				"INFOPLIST_KEY_UIApplicationSceneManifest_Generation[sdk=iphonesimulator*]" = YES;
				"INFOPLIST_KEY_UIApplicationSupportsIndirectInputEvents[sdk=iphoneos*]" = YES;
				"INFOPLIST_KEY_UIApplicationSupportsIndirectInputEvents[sdk=iphonesimulator*]" = YES;
				"INFOPLIST_KEY_UILaunchScreen_Generation[sdk=iphoneos*]" = YES;
				"INFOPLIST_KEY_UILaunchScreen_Generation[sdk=iphonesimulator*]" = YES;
				"INFOPLIST_KEY_UIStatusBarStyle[sdk=iphoneos*]" = UIStatusBarStyleDefault;
				"INFOPLIST_KEY_UIStatusBarStyle[sdk=iphonesimulator*]" = UIStatusBarStyleDefault;
				INFOPLIST_KEY_UISupportedInterfaceOrientations_iPad = "UIInterfaceOrientationPortrait UIInterfaceOrientationPortraitUpsideDown UIInterfaceOrientationLandscapeLeft UIInterfaceOrientationLandscapeRight";
				INFOPLIST_KEY_UISupportedInterfaceOrientations_iPhone = "UIInterfaceOrientationPortrait UIInterfaceOrientationLandscapeLeft UIInterfaceOrientationLandscapeRight";
				IPHONEOS_DEPLOYMENT_TARGET = 16.4;
				LD_RUNPATH_SEARCH_PATHS = "@executable_path/Frameworks";
				"LD_RUNPATH_SEARCH_PATHS[sdk=macosx*]" = "@executable_path/../Frameworks";
				MACOSX_DEPLOYMENT_TARGET = 13.0;
				MARKETING_VERSION = 1.0;
				PRODUCT_BUNDLE_IDENTIFIER = therealversion.bcabroke.Uberr;
				PRODUCT_NAME = "$(TARGET_NAME)";
				SDKROOT = auto;
				SUPPORTED_PLATFORMS = "iphoneos iphonesimulator macosx";
				SWIFT_EMIT_LOC_STRINGS = YES;
				SWIFT_VERSION = 5.0;
				TARGETED_DEVICE_FAMILY = "1,2";
			};
			name = Debug;
		};
		40D5B5512A9954B900B192D0 /* Release */ = {
			isa = XCBuildConfiguration;
			buildSettings = {
				ASSETCATALOG_COMPILER_APPICON_NAME = AppIcon;
				ASSETCATALOG_COMPILER_GLOBAL_ACCENT_COLOR_NAME = AccentColor;
				CODE_SIGN_ENTITLEMENTS = Uberr/Uberr.entitlements;
				CODE_SIGN_STYLE = Automatic;
				CURRENT_PROJECT_VERSION = 1;
				DEVELOPMENT_ASSET_PATHS = "\"Uberr/Preview Content\"";
				DEVELOPMENT_TEAM = 2HV58TSRB7;
				ENABLE_HARDENED_RUNTIME = YES;
				ENABLE_PREVIEWS = YES;
				GENERATE_INFOPLIST_FILE = YES;
				"INFOPLIST_KEY_UIApplicationSceneManifest_Generation[sdk=iphoneos*]" = YES;
				"INFOPLIST_KEY_UIApplicationSceneManifest_Generation[sdk=iphonesimulator*]" = YES;
				"INFOPLIST_KEY_UIApplicationSupportsIndirectInputEvents[sdk=iphoneos*]" = YES;
				"INFOPLIST_KEY_UIApplicationSupportsIndirectInputEvents[sdk=iphonesimulator*]" = YES;
				"INFOPLIST_KEY_UILaunchScreen_Generation[sdk=iphoneos*]" = YES;
				"INFOPLIST_KEY_UILaunchScreen_Generation[sdk=iphonesimulator*]" = YES;
				"INFOPLIST_KEY_UIStatusBarStyle[sdk=iphoneos*]" = UIStatusBarStyleDefault;
				"INFOPLIST_KEY_UIStatusBarStyle[sdk=iphonesimulator*]" = UIStatusBarStyleDefault;
				INFOPLIST_KEY_UISupportedInterfaceOrientations_iPad = "UIInterfaceOrientationPortrait UIInterfaceOrientationPortraitUpsideDown UIInterfaceOrientationLandscapeLeft UIInterfaceOrientationLandscapeRight";
				INFOPLIST_KEY_UISupportedInterfaceOrientations_iPhone = "UIInterfaceOrientationPortrait UIInterfaceOrientationLandscapeLeft UIInterfaceOrientationLandscapeRight";
				IPHONEOS_DEPLOYMENT_TARGET = 16.4;
				LD_RUNPATH_SEARCH_PATHS = "@executable_path/Frameworks";
				"LD_RUNPATH_SEARCH_PATHS[sdk=macosx*]" = "@executable_path/../Frameworks";
				MACOSX_DEPLOYMENT_TARGET = 13.0;
				MARKETING_VERSION = 1.0;
				PRODUCT_BUNDLE_IDENTIFIER = therealversion.bcabroke.Uberr;
				PRODUCT_NAME = "$(TARGET_NAME)";
				SDKROOT = auto;
				SUPPORTED_PLATFORMS = "iphoneos iphonesimulator macosx";
				SWIFT_EMIT_LOC_STRINGS = YES;
				SWIFT_VERSION = 5.0;
				TARGETED_DEVICE_FAMILY = "1,2";
			};
			name = Release;
		};
		40D5B5532A9954B900B192D0 /* Debug */ = {
			isa = XCBuildConfiguration;
			buildSettings = {
				ALWAYS_EMBED_SWIFT_STANDARD_LIBRARIES = YES;
				BUNDLE_LOADER = "$(TEST_HOST)";
				CODE_SIGN_STYLE = Automatic;
				CURRENT_PROJECT_VERSION = 1;
				DEVELOPMENT_TEAM = 2HV58TSRB7;
				GENERATE_INFOPLIST_FILE = YES;
				IPHONEOS_DEPLOYMENT_TARGET = 16.4;
				MACOSX_DEPLOYMENT_TARGET = 13.0;
				MARKETING_VERSION = 1.0;
				PRODUCT_BUNDLE_IDENTIFIER = therealversion.bcabroke.UberrTests;
				PRODUCT_NAME = "$(TARGET_NAME)";
				SDKROOT = auto;
				SUPPORTED_PLATFORMS = "iphoneos iphonesimulator macosx";
				SWIFT_EMIT_LOC_STRINGS = NO;
				SWIFT_VERSION = 5.0;
				TARGETED_DEVICE_FAMILY = "1,2";
				TEST_HOST = "$(BUILT_PRODUCTS_DIR)/Uberr.app/$(BUNDLE_EXECUTABLE_FOLDER_PATH)/Uberr";
			};
			name = Debug;
		};
		40D5B5542A9954B900B192D0 /* Release */ = {
			isa = XCBuildConfiguration;
			buildSettings = {
				ALWAYS_EMBED_SWIFT_STANDARD_LIBRARIES = YES;
				BUNDLE_LOADER = "$(TEST_HOST)";
				CODE_SIGN_STYLE = Automatic;
				CURRENT_PROJECT_VERSION = 1;
				DEVELOPMENT_TEAM = 2HV58TSRB7;
				GENERATE_INFOPLIST_FILE = YES;
				IPHONEOS_DEPLOYMENT_TARGET = 16.4;
				MACOSX_DEPLOYMENT_TARGET = 13.0;
				MARKETING_VERSION = 1.0;
				PRODUCT_BUNDLE_IDENTIFIER = therealversion.bcabroke.UberrTests;
				PRODUCT_NAME = "$(TARGET_NAME)";
				SDKROOT = auto;
				SUPPORTED_PLATFORMS = "iphoneos iphonesimulator macosx";
				SWIFT_EMIT_LOC_STRINGS = NO;
				SWIFT_VERSION = 5.0;
				TARGETED_DEVICE_FAMILY = "1,2";
				TEST_HOST = "$(BUILT_PRODUCTS_DIR)/Uberr.app/$(BUNDLE_EXECUTABLE_FOLDER_PATH)/Uberr";
			};
			name = Release;
		};
		40D5B5562A9954B900B192D0 /* Debug */ = {
			isa = XCBuildConfiguration;
			buildSettings = {
				ALWAYS_EMBED_SWIFT_STANDARD_LIBRARIES = YES;
				CODE_SIGN_STYLE = Automatic;
				CURRENT_PROJECT_VERSION = 1;
				DEVELOPMENT_TEAM = 2HV58TSRB7;
				GENERATE_INFOPLIST_FILE = YES;
				IPHONEOS_DEPLOYMENT_TARGET = 16.4;
				MACOSX_DEPLOYMENT_TARGET = 13.0;
				MARKETING_VERSION = 1.0;
				PRODUCT_BUNDLE_IDENTIFIER = therealversion.bcabroke.UberrUITests;
				PRODUCT_NAME = "$(TARGET_NAME)";
				SDKROOT = auto;
				SUPPORTED_PLATFORMS = "iphoneos iphonesimulator macosx";
				SWIFT_EMIT_LOC_STRINGS = NO;
				SWIFT_VERSION = 5.0;
				TARGETED_DEVICE_FAMILY = "1,2";
				TEST_TARGET_NAME = Uberr;
			};
			name = Debug;
		};
		40D5B5572A9954B900B192D0 /* Release */ = {
			isa = XCBuildConfiguration;
			buildSettings = {
				ALWAYS_EMBED_SWIFT_STANDARD_LIBRARIES = YES;
				CODE_SIGN_STYLE = Automatic;
				CURRENT_PROJECT_VERSION = 1;
				DEVELOPMENT_TEAM = 2HV58TSRB7;
				GENERATE_INFOPLIST_FILE = YES;
				IPHONEOS_DEPLOYMENT_TARGET = 16.4;
				MACOSX_DEPLOYMENT_TARGET = 13.0;
				MARKETING_VERSION = 1.0;
				PRODUCT_BUNDLE_IDENTIFIER = therealversion.bcabroke.UberrUITests;
				PRODUCT_NAME = "$(TARGET_NAME)";
				SDKROOT = auto;
				SUPPORTED_PLATFORMS = "iphoneos iphonesimulator macosx";
				SWIFT_EMIT_LOC_STRINGS = NO;
				SWIFT_VERSION = 5.0;
				TARGETED_DEVICE_FAMILY = "1,2";
				TEST_TARGET_NAME = Uberr;
			};
			name = Release;
		};
/* End XCBuildConfiguration section */

/* Begin XCConfigurationList section */
		40D5B5252A9954B500B192D0 /* Build configuration list for PBXProject "Uberr" */ = {
			isa = XCConfigurationList;
			buildConfigurations = (
				40D5B54D2A9954B900B192D0 /* Debug */,
				40D5B54E2A9954B900B192D0 /* Release */,
			);
			defaultConfigurationIsVisible = 0;
			defaultConfigurationName = Release;
		};
		40D5B54F2A9954B900B192D0 /* Build configuration list for PBXNativeTarget "Uberr" */ = {
			isa = XCConfigurationList;
			buildConfigurations = (
				40D5B5502A9954B900B192D0 /* Debug */,
				40D5B5512A9954B900B192D0 /* Release */,
			);
			defaultConfigurationIsVisible = 0;
			defaultConfigurationName = Release;
		};
		40D5B5522A9954B900B192D0 /* Build configuration list for PBXNativeTarget "UberrTests" */ = {
			isa = XCConfigurationList;
			buildConfigurations = (
				40D5B5532A9954B900B192D0 /* Debug */,
				40D5B5542A9954B900B192D0 /* Release */,
			);
			defaultConfigurationIsVisible = 0;
			defaultConfigurationName = Release;
		};
		40D5B5552A9954B900B192D0 /* Build configuration list for PBXNativeTarget "UberrUITests" */ = {
			isa = XCConfigurationList;
			buildConfigurations = (
				40D5B5562A9954B900B192D0 /* Debug */,
				40D5B5572A9954B900B192D0 /* Release */,
			);
			defaultConfigurationIsVisible = 0;
			defaultConfigurationName = Release;
		};
/* End XCConfigurationList section */
	};
	rootObject = 40D5B5222A9954B500B192D0 /* Project object */;
}
